
Microsoft Visual Studio Solution File, Format Version 12.00
# Visual Studio Version 16
VisualStudioVersion = 16.0.30114.105
MinimumVisualStudioVersion = 10.0.40219.1
Project("{FAE04EC0-301F-11D3-BF4B-00C04F79EFBC}") = "XML-parser-test", "XML-parser-test.csproj", "{B95A32F6-048B-46E0-80A1-9923FED52E28}"
EndProject
Global
	GlobalSection(SolutionConfigurationPlatforms) = preSolution
		Debug|Any CPU = Debug|Any CPU
		Release|Any CPU = Release|Any CPU
	EndGlobalSection
	GlobalSection(ProjectConfigurationPlatforms) = postSolution
		{B95A32F6-048B-46E0-80A1-9923FED52E28}.Debug|Any CPU.ActiveCfg = Debug|Any CPU
		{B95A32F6-048B-46E0-80A1-9923FED52E28}.Debug|Any CPU.Build.0 = Debug|Any CPU
		{B95A32F6-048B-46E0-80A1-9923FED52E28}.Release|Any CPU.ActiveCfg = Release|Any CPU
		{B95A32F6-048B-46E0-80A1-9923FED52E28}.Release|Any CPU.Build.0 = Release|Any CPU
	EndGlobalSection
	GlobalSection(SolutionProperties) = preSolution
		HideSolutionNode = FALSE
	EndGlobalSection
	GlobalSection(ExtensibilityGlobals) = postSolution
		SolutionGuid = {328217DF-847D-418A-97F5-5F4164B4416E}
	EndGlobalSection
EndGlobal
